
Microsoft Visual Studio Solution File, Format Version 12.00
# Visual Studio Version 16
VisualStudioVersion = 16.0.30804.86
MinimumVisualStudioVersion = 10.0.40219.1
Project("{9A19103F-16F7-4668-BE54-9A1E7A4F7556}") = "DataAccess", "DataAccess\DataAccess.csproj", "{C590192B-4F4B-438E-9E12-442920F9B574}"
EndProject
Project("{9A19103F-16F7-4668-BE54-9A1E7A4F7556}") = "Business", "Business\Business.csproj", "{97DA87A6-3EBF-4ABA-9158-B871CEB8B05B}"
EndProject
Project("{9A19103F-16F7-4668-BE54-9A1E7A4F7556}") = "Entities", "Entities\Entities.csproj", "{1A9F01CD-E5D7-4E6C-9F6E-8408531BAECB}"
EndProject
Project("{9A19103F-16F7-4668-BE54-9A1E7A4F7556}") = "ConsoleUI", "ConsoleUI\ConsoleUI.csproj", "{8730B6C2-5F10-46B1-8576-EBFF731E384E}"
EndProject
Project("{9A19103F-16F7-4668-BE54-9A1E7A4F7556}") = "Core", "Core\Core.csproj", "{B146DD7A-90AF-4CDC-93B7-DC9ECD74C05D}"
EndProject
Project("{FAE04EC0-301F-11D3-BF4B-00C04F79EFBC}") = "WebAPI", "WebAPI\WebAPI.csproj", "{03D46CE4-DE18-4D36-B126-13A4FE6A7F1D}"
EndProject
Global
	GlobalSection(SolutionConfigurationPlatforms) = preSolution
		Debug|Any CPU = Debug|Any CPU
		Release|Any CPU = Release|Any CPU
	EndGlobalSection
	GlobalSection(ProjectConfigurationPlatforms) = postSolution
		{C590192B-4F4B-438E-9E12-442920F9B574}.Debug|Any CPU.ActiveCfg = Debug|Any CPU
		{C590192B-4F4B-438E-9E12-442920F9B574}.Debug|Any CPU.Build.0 = Debug|Any CPU
		{C590192B-4F4B-438E-9E12-442920F9B574}.Release|Any CPU.ActiveCfg = Release|Any CPU
		{C590192B-4F4B-438E-9E12-442920F9B574}.Release|Any CPU.Build.0 = Release|Any CPU
		{97DA87A6-3EBF-4ABA-9158-B871CEB8B05B}.Debug|Any CPU.ActiveCfg = Debug|Any CPU
		{97DA87A6-3EBF-4ABA-9158-B871CEB8B05B}.Debug|Any CPU.Build.0 = Debug|Any CPU
		{97DA87A6-3EBF-4ABA-9158-B871CEB8B05B}.Release|Any CPU.ActiveCfg = Release|Any CPU
		{97DA87A6-3EBF-4ABA-9158-B871CEB8B05B}.Release|Any CPU.Build.0 = Release|Any CPU
		{1A9F01CD-E5D7-4E6C-9F6E-8408531BAECB}.Debug|Any CPU.ActiveCfg = Debug|Any CPU
		{1A9F01CD-E5D7-4E6C-9F6E-8408531BAECB}.Debug|Any CPU.Build.0 = Debug|Any CPU
		{1A9F01CD-E5D7-4E6C-9F6E-8408531BAECB}.Release|Any CPU.ActiveCfg = Release|Any CPU
		{1A9F01CD-E5D7-4E6C-9F6E-8408531BAECB}.Release|Any CPU.Build.0 = Release|Any CPU
		{8730B6C2-5F10-46B1-8576-EBFF731E384E}.Debug|Any CPU.ActiveCfg = Debug|Any CPU
		{8730B6C2-5F10-46B1-8576-EBFF731E384E}.Debug|Any CPU.Build.0 = Debug|Any CPU
		{8730B6C2-5F10-46B1-8576-EBFF731E384E}.Release|Any CPU.ActiveCfg = Release|Any CPU
		{8730B6C2-5F10-46B1-8576-EBFF731E384E}.Release|Any CPU.Build.0 = Release|Any CPU
		{B146DD7A-90AF-4CDC-93B7-DC9ECD74C05D}.Debug|Any CPU.ActiveCfg = Debug|Any CPU
		{B146DD7A-90AF-4CDC-93B7-DC9ECD74C05D}.Debug|Any CPU.Build.0 = Debug|Any CPU
		{B146DD7A-90AF-4CDC-93B7-DC9ECD74C05D}.Release|Any CPU.ActiveCfg = Release|Any CPU
		{B146DD7A-90AF-4CDC-93B7-DC9ECD74C05D}.Release|Any CPU.Build.0 = Release|Any CPU
		{03D46CE4-DE18-4D36-B126-13A4FE6A7F1D}.Debug|Any CPU.ActiveCfg = Debug|Any CPU
		{03D46CE4-DE18-4D36-B126-13A4FE6A7F1D}.Debug|Any CPU.Build.0 = Debug|Any CPU
		{03D46CE4-DE18-4D36-B126-13A4FE6A7F1D}.Release|Any CPU.ActiveCfg = Release|Any CPU
		{03D46CE4-DE18-4D36-B126-13A4FE6A7F1D}.Release|Any CPU.Build.0 = Release|Any CPU
	EndGlobalSection
	GlobalSection(SolutionProperties) = preSolution
		HideSolutionNode = FALSE
	EndGlobalSection
	GlobalSection(ExtensibilityGlobals) = postSolution
		SolutionGuid = {F7FC4084-C837-4143-A9A8-C2A757404E99}
	EndGlobalSection
EndGlobal
